
Microsoft Visual Studio Solution File, Format Version 12.00
# Visual Studio Version 17
VisualStudioVersion = 17.4.33205.214
MinimumVisualStudioVersion = 10.0.40219.1
Project("{FAE04EC0-301F-11D3-BF4B-00C04F79EFBC}") = "Factory Method", "Factory Method\Factory Method.csproj", "{666DEBC0-AA80-49C6-8710-0F78C7C1F777}"
EndProject
Global
	GlobalSection(SolutionConfigurationPlatforms) = preSolution
		Debug|Any CPU = Debug|Any CPU
		Release|Any CPU = Release|Any CPU
	EndGlobalSection
	GlobalSection(ProjectConfigurationPlatforms) = postSolution
		{666DEBC0-AA80-49C6-8710-0F78C7C1F777}.Debug|Any CPU.ActiveCfg = Debug|Any CPU
		{666DEBC0-AA80-49C6-8710-0F78C7C1F777}.Debug|Any CPU.Build.0 = Debug|Any CPU
		{666DEBC0-AA80-49C6-8710-0F78C7C1F777}.Release|Any CPU.ActiveCfg = Release|Any CPU
		{666DEBC0-AA80-49C6-8710-0F78C7C1F777}.Release|Any CPU.Build.0 = Release|Any CPU
	EndGlobalSection
	GlobalSection(SolutionProperties) = preSolution
		HideSolutionNode = FALSE
	EndGlobalSection
	GlobalSection(ExtensibilityGlobals) = postSolution
		SolutionGuid = {C8F5F6AB-B18B-443E-9301-E711D8987DF3}
	EndGlobalSection
EndGlobal
