
Microsoft Visual Studio Solution File, Format Version 12.00
# Visual Studio Version 17
VisualStudioVersion = 17.4.33205.214
MinimumVisualStudioVersion = 10.0.40219.1
Project("{FAE04EC0-301F-11D3-BF4B-00C04F79EFBC}") = "Abstract Factory", "Abstract Factory\Abstract Factory.csproj", "{06370180-C2B5-4048-925C-866B3499B6D5}"
EndProject
Global
	GlobalSection(SolutionConfigurationPlatforms) = preSolution
		Debug|Any CPU = Debug|Any CPU
		Release|Any CPU = Release|Any CPU
	EndGlobalSection
	GlobalSection(ProjectConfigurationPlatforms) = postSolution
		{06370180-C2B5-4048-925C-866B3499B6D5}.Debug|Any CPU.ActiveCfg = Debug|Any CPU
		{06370180-C2B5-4048-925C-866B3499B6D5}.Debug|Any CPU.Build.0 = Debug|Any CPU
		{06370180-C2B5-4048-925C-866B3499B6D5}.Release|Any CPU.ActiveCfg = Release|Any CPU
		{06370180-C2B5-4048-925C-866B3499B6D5}.Release|Any CPU.Build.0 = Release|Any CPU
	EndGlobalSection
	GlobalSection(SolutionProperties) = preSolution
		HideSolutionNode = FALSE
	EndGlobalSection
	GlobalSection(ExtensibilityGlobals) = postSolution
		SolutionGuid = {9020C05A-4D2B-46E4-8059-69038B1B14AB}
	EndGlobalSection
EndGlobal
