
Microsoft Visual Studio Solution File, Format Version 12.00
# Visual Studio Version 17
VisualStudioVersion = 17.4.33205.214
MinimumVisualStudioVersion = 10.0.40219.1
Project("{FAE04EC0-301F-11D3-BF4B-00C04F79EFBC}") = "Visitor", "Visitor\Visitor.csproj", "{60802A6E-F0C2-450A-B41E-EE6DBFF118DD}"
EndProject
Global
	GlobalSection(SolutionConfigurationPlatforms) = preSolution
		Debug|Any CPU = Debug|Any CPU
		Release|Any CPU = Release|Any CPU
	EndGlobalSection
	GlobalSection(ProjectConfigurationPlatforms) = postSolution
		{60802A6E-F0C2-450A-B41E-EE6DBFF118DD}.Debug|Any CPU.ActiveCfg = Debug|Any CPU
		{60802A6E-F0C2-450A-B41E-EE6DBFF118DD}.Debug|Any CPU.Build.0 = Debug|Any CPU
		{60802A6E-F0C2-450A-B41E-EE6DBFF118DD}.Release|Any CPU.ActiveCfg = Release|Any CPU
		{60802A6E-F0C2-450A-B41E-EE6DBFF118DD}.Release|Any CPU.Build.0 = Release|Any CPU
	EndGlobalSection
	GlobalSection(SolutionProperties) = preSolution
		HideSolutionNode = FALSE
	EndGlobalSection
	GlobalSection(ExtensibilityGlobals) = postSolution
		SolutionGuid = {8E22F2E7-F88C-45BF-A5A7-D74C14F293A5}
	EndGlobalSection
EndGlobal
